{
    "name": "zuonx",
    "version": "1.0",
    "lockfileVersion": 1,
    "requires": true,
    "dependencies": {
        "bricks.js": {
            "version": "1.8.0",
            "resolved": "http://registry.npm.taobao.org/bricks.js/download/bricks.js-1.8.0.tgz",
            "integrity": "sha1-j96zwCJq8lH01XJ6fff5rACStLI=",
            "requires": {
                "knot.js": "^1.1.5"
            }
        },
        "knot.js": {
            "version": "1.1.5",
            "resolved": "http://registry.npm.taobao.org/knot.js/download/knot.js-1.1.5.tgz",
            "integrity": "sha1-KOclIvcD9Q/piBL94iTdcnKP710="
        }
    }
}
